{
  "version": 4,
  "terraform_version": "1.13.4",
  "serial": 5,
  "lineage": "8a5cbbac-c3e1-94d8-2a57-3c7aefdac9e0",
  "outputs": {
    "files": {
      "value": [
        "/app/hello.txt",
        "/app/goodbye.txt"
      ],
      "type": [
        "tuple",
        [
          "string",
          "string"
        ]
      ]
    }
  },
  "resources": [
    {
      "mode": "managed",
      "type": "local_file",
      "name": "goodbye",
      "provider": "provider[\"registry.terraform.io/hashicorp/local\"]",
      "instances": [
        {
          "schema_version": 0,
          "attributes": {
            "content": "Goodbye, Terraform!",
            "content_base64": null,
            "content_base64sha256": "evgZ5RcnRJYpbMKtFr5OxalTNaUGyChTEHBFHnfyObA=",
            "content_base64sha512": "5BS+EVFqEY5TIZ5/M+GH/AQZCDCBVvW9m8KY9q6lwmOqIvVJcJKQSBoVohRK5mQJ61ATaJw8XsWnTTU0GYYcsA==",
            "content_md5": "bcba1a322b853bc4b678f5249e983899",
            "content_sha1": "84fa0047ea301c42ee22a4dea44b3339e56a9328",
            "content_sha256": "7af819e517274496296cc2ad16be4ec5a95335a506c828531070451e77f239b0",
            "content_sha512": "e414be11516a118e53219e7f33e187fc041908308156f5bd9bc298f6aea5c263aa22f549709290481a15a2144ae66409eb5013689c3c5ec5a74d353419861cb0",
            "directory_permission": "0777",
            "file_permission": "0777",
            "filename": "/app/goodbye.txt",
            "id": "84fa0047ea301c42ee22a4dea44b3339e56a9328",
            "sensitive_content": null,
            "source": null
          },
          "sensitive_attributes": [
            [
              {
                "type": "get_attr",
                "value": "sensitive_content"
              }
            ]
          ],
          "identity_schema_version": 0,
          "dependencies": [
            "local_file.hello"
          ]
        }
      ]
    },
    {
      "mode": "managed",
      "type": "local_file",
      "name": "hello",
      "provider": "provider[\"registry.terraform.io/hashicorp/local\"]",
      "instances": [
        {
          "schema_version": 0,
          "attributes": {
            "content": "Hello Terraform!",
            "content_base64": null,
            "content_base64sha256": "v8QLUNM6u1k78n+wiKLCZtrIbYBHjZe7qgLoH7rpG1s=",
            "content_base64sha512": "dfD2QCkQ+kAAjpwsO8l2vilOEzGPPaLvz3BO/egtmBH+WU5aixLgXWJsV6/x0KsXwxvNBSmVnByf0aQCAX9Eaw==",
            "content_md5": "880b1e0ff26b92ef422c6cb676af2566",
            "content_sha1": "371aae854f336b541fd8bc75b6e6c8d6ba56d10a",
            "content_sha256": "bfc40b50d33abb593bf27fb088a2c266dac86d80478d97bbaa02e81fbae91b5b",
            "content_sha512": "75f0f6402910fa40008e9c2c3bc976be294e13318f3da2efcf704efde82d9811fe594e5a8b12e05d626c57aff1d0ab17c31bcd0529959c1c9fd1a402017f446b",
            "directory_permission": "0777",
            "file_permission": "0777",
            "filename": "/app/hello.txt",
            "id": "371aae854f336b541fd8bc75b6e6c8d6ba56d10a",
            "sensitive_content": null,
            "source": null
          },
          "sensitive_attributes": [
            [
              {
                "type": "get_attr",
                "value": "sensitive_content"
              }
            ]
          ],
          "identity_schema_version": 0
        }
      ]
    }
  ],
  "check_results": null
}
